<?xml version="1.0" encoding="utf-8"?>
<Project ToolsVersion="4.0" xmlns="http://schemas.microsoft.com/developer/msbuild/2003">
  <ItemGroup>
    <Filter Include="Source Files">
      <UniqueIdentifier>{4FC737F1-C7A5-4376-A066-2A32D752A2FF}</UniqueIdentifier>
      <Extensions>cpp;c;cc;cxx;c++;cppm;ixx;def;odl;idl;hpj;bat;asm;asmx</Extensions>
    </Filter>
    <Filter Include="Header Files">
      <UniqueIdentifier>{93995380-89BD-4b04-88EB-625FBE52EBFB}</UniqueIdentifier>
      <Extensions>h;hh;hpp;hxx;h++;hm;inl;inc;ipp;xsd</Extensions>
    </Filter>
    <Filter Include="Resource Files">
      <UniqueIdentifier>{67DA6AB6-F800-4c08-8B7A-83BB121AAD01}</UniqueIdentifier>
      <Extensions>rc;ico;cur;bmp;dlg;rc2;rct;bin;rgs;gif;jpg;jpeg;jpe;resx;tiff;tif;png;wav;mfcribbon-ms</Extensions>
    </Filter>
    <Filter Include="Source Files\07.문자열 + 삼항 연산자">
      <UniqueIdentifier>{bca80e2f-e2e3-409b-a521-c3ebd13afb22}</UniqueIdentifier>
    </Filter>
    <Filter Include="Source Files\08. 포인터">
      <UniqueIdentifier>{0e67469e-4e96-404b-a716-87265dc4134d}</UniqueIdentifier>
    </Filter>
    <Filter Include="Source Files\10.사용자 정의형">
      <UniqueIdentifier>{d9263139-5356-4687-9d42-c45f23f2bc6e}</UniqueIdentifier>
    </Filter>
    <Filter Include="Source Files\11. 접근자+설정자+예외처리">
      <UniqueIdentifier>{250e8761-8b38-4fd5-a9fd-285e664563ed}</UniqueIdentifier>
    </Filter>
    <Filter Include="Source Files\12. 상속">
      <UniqueIdentifier>{26494726-0fef-49c9-95af-c32d79cbfb52}</UniqueIdentifier>
    </Filter>
    <Filter Include="Source Files\13. 가상함수 + 변한생성자">
      <UniqueIdentifier>{6b5d5178-9838-4725-a71f-d494f68e778f}</UniqueIdentifier>
    </Filter>
    <Filter Include="Source Files\14.STL Vector">
      <UniqueIdentifier>{55cecdf8-c351-4106-b024-190c9dee1a41}</UniqueIdentifier>
    </Filter>
  </ItemGroup>
  <ItemGroup>
    <ClCompile Include="Main_08.cpp">
      <Filter>Source Files\08. 포인터</Filter>
    </ClCompile>
    <ClCompile Include="Example_06_B.cpp">
      <Filter>Source Files\07.문자열 + 삼항 연산자</Filter>
    </ClCompile>
    <ClCompile Include="Example_07_A.cpp">
      <Filter>Source Files\07.문자열 + 삼항 연산자</Filter>
    </ClCompile>
    <ClCompile Include="MainGame.cpp">
      <Filter>Source Files\11. 접근자+설정자+예외처리</Filter>
    </ClCompile>
    <ClCompile Include="MainGame_03.cpp">
      <Filter>Source Files\11. 접근자+설정자+예외처리</Filter>
    </ClCompile>
    <ClCompile Include="MainGame02.cpp">
      <Filter>Source Files\11. 접근자+설정자+예외처리</Filter>
    </ClCompile>
    <ClCompile Include="Player_03.cpp">
      <Filter>Source Files\11. 접근자+설정자+예외처리</Filter>
    </ClCompile>
    <ClCompile Include="Portion.cpp">
      <Filter>Source Files\11. 접근자+설정자+예외처리</Filter>
    </ClCompile>
    <ClCompile Include="Tank.cpp">
      <Filter>Source Files\11. 접근자+설정자+예외처리</Filter>
    </ClCompile>
    <ClCompile Include="BattleCruiser.cpp">
      <Filter>Source Files\11. 접근자+설정자+예외처리</Filter>
    </ClCompile>
    <ClCompile Include="MainGame_04.cpp">
      <Filter>Source Files\11. 접근자+설정자+예외처리</Filter>
    </ClCompile>
    <ClCompile Include="Unit.cpp">
      <Filter>Source Files\11. 접근자+설정자+예외처리</Filter>
    </ClCompile>
    <ClCompile Include="Main.cpp">
      <Filter>Source Files</Filter>
    </ClCompile>
    <ClCompile Include="MainGame_05.cpp">
      <Filter>Source Files\13. 가상함수 + 변한생성자</Filter>
    </ClCompile>
    <ClCompile Include="MainGame_06.cpp">
      <Filter>Source Files\14.STL Vector</Filter>
    </ClCompile>
  </ItemGroup>
  <ItemGroup>
    <ClInclude Include="Example_07.h">
      <Filter>Source Files\07.문자열 + 삼항 연산자</Filter>
    </ClInclude>
    <ClInclude Include="Example_06_A.h">
      <Filter>Source Files\07.문자열 + 삼항 연산자</Filter>
    </ClInclude>
    <ClInclude Include="MainGame_06.h">
      <Filter>Source Files\14.STL Vector</Filter>
    </ClInclude>
    <ClInclude Include="BattleCruiser.h">
      <Filter>Source Files\11. 접근자+설정자+예외처리</Filter>
    </ClInclude>
    <ClInclude Include="MainGame_05.h">
      <Filter>Source Files\13. 가상함수 + 변한생성자</Filter>
    </ClInclude>
    <ClInclude Include="MainGame_03.h">
      <Filter>Source Files\11. 접근자+설정자+예외처리</Filter>
    </ClInclude>
    <ClInclude Include="MainGame02.h">
      <Filter>Source Files\11. 접근자+설정자+예외처리</Filter>
    </ClInclude>
    <ClInclude Include="Player_03.h">
      <Filter>Source Files\11. 접근자+설정자+예외처리</Filter>
    </ClInclude>
    <ClInclude Include="Unit.h">
      <Filter>Source Files\11. 접근자+설정자+예외처리</Filter>
    </ClInclude>
    <ClInclude Include="Tank.h">
      <Filter>Source Files\10.사용자 정의형</Filter>
    </ClInclude>
    <ClInclude Include="Postion.h">
      <Filter>Source Files\11. 접근자+설정자+예외처리</Filter>
    </ClInclude>
    <ClInclude Include="Portion.h">
      <Filter>Source Files\11. 접근자+설정자+예외처리</Filter>
    </ClInclude>
    <ClInclude Include="MainGame_04.h">
      <Filter>Source Files\11. 접근자+설정자+예외처리</Filter>
    </ClInclude>
    <ClInclude Include="MainGame.h">
      <Filter>Source Files\11. 접근자+설정자+예외처리</Filter>
    </ClInclude>
  </ItemGroup>
</Project>